
Microsoft Visual Studio Solution File, Format Version 12.00
# Visual Studio Version 17
VisualStudioVersion = 17.0.31903.59
MinimumVisualStudioVersion = 10.0.40219.1
Project("{FAE04EC0-301F-11D3-BF4B-00C04F79EFBC}") = "MBC.Core", "src\MBC.Core\MBC.Core.csproj", "{1502D6FD-49D9-4457-873C-33BD0192D44C}"
EndProject
Project("{FAE04EC0-301F-11D3-BF4B-00C04F79EFBC}") = "MBC.Core.Tests", "tests\MBC.Core.Tests\MBC.Core.Tests.csproj", "{66A2026F-1173-47E1-907F-F95CF31937C3}"
EndProject
Project("{2150E333-8FDC-42A3-9474-1A3956D46DE8}") = "src", "src", "{02EA681E-C7D8-13C7-8484-4AC65E1B71E8}"
	ProjectSection(SolutionItems) = preProject
		src\Directory.Build.props = src\Directory.Build.props
	EndProjectSection
EndProject
Project("{2150E333-8FDC-42A3-9474-1A3956D46DE8}") = "tests", "tests", "{942969CE-5626-4E20-ACAC-C6950D295346}"
	ProjectSection(SolutionItems) = preProject
		tests\Directory.Build.props = tests\Directory.Build.props
	EndProjectSection
EndProject
Project("{2150E333-8FDC-42A3-9474-1A3956D46DE8}") = "Solution Items", "Solution Items", "{8EC462FD-D22E-90A8-E5CE-7E832BA40C5D}"
	ProjectSection(SolutionItems) = preProject
		.editorconfig = .editorconfig
		.gitignore = .gitignore
	EndProjectSection
EndProject
Project("{FAE04EC0-301F-11D3-BF4B-00C04F79EFBC}") = "MBC.Persistence", "src\MBC.Persistence\MBC.Persistence.csproj", "{E6C169E5-2E13-4A5A-B770-1A37D87D38FB}"
EndProject
Project("{FAE04EC0-301F-11D3-BF4B-00C04F79EFBC}") = "MBC.Persistence.Tests", "tests\MBC.Persistence.Tests\MBC.Persistence.Tests.csproj", "{2242A974-F228-492B-AF3F-8F9993316972}"
EndProject
Project("{FAE04EC0-301F-11D3-BF4B-00C04F79EFBC}") = "MBC.Services", "src\MBC.Services\MBC.Services.csproj", "{7B4DC23A-E1DA-4198-A4D7-96BE9A49A3F1}"
EndProject
Project("{FAE04EC0-301F-11D3-BF4B-00C04F79EFBC}") = "MBC.Services.Tests", "tests\MBC.Services.Tests\MBC.Services.Tests.csproj", "{F3C40DB2-565A-4AB3-8A52-86B00CA19730}"
EndProject
Project("{FAE04EC0-301F-11D3-BF4B-00C04F79EFBC}") = "MBC.Endpoints", "src\MBC.Endpoints\MBC.Endpoints.csproj", "{FB0A05AD-10EE-4782-B11E-D833C1ABE903}"
EndProject
Project("{FAE04EC0-301F-11D3-BF4B-00C04F79EFBC}") = "MBC.Endpoints.Tests", "tests\MBC.Endpoints.Tests\MBC.Endpoints.Tests.csproj", "{8797717E-E751-4758-A672-26FF3ED70148}"
EndProject
Project("{FAE04EC0-301F-11D3-BF4B-00C04F79EFBC}") = "MBC.Payments.Client", "src\MBC.Payments.Client\MBC.Payments.Client.csproj", "{AF854B21-E9AC-4DB4-BE49-102ED5497B43}"
EndProject
Global
	GlobalSection(SolutionConfigurationPlatforms) = preSolution
		Debug|Any CPU = Debug|Any CPU
		Debug|x64 = Debug|x64
		Debug|x86 = Debug|x86
		Release|Any CPU = Release|Any CPU
		Release|x64 = Release|x64
		Release|x86 = Release|x86
	EndGlobalSection
	GlobalSection(ProjectConfigurationPlatforms) = postSolution
		{1502D6FD-49D9-4457-873C-33BD0192D44C}.Debug|Any CPU.ActiveCfg = Debug|Any CPU
		{1502D6FD-49D9-4457-873C-33BD0192D44C}.Debug|Any CPU.Build.0 = Debug|Any CPU
		{1502D6FD-49D9-4457-873C-33BD0192D44C}.Debug|x64.ActiveCfg = Debug|Any CPU
		{1502D6FD-49D9-4457-873C-33BD0192D44C}.Debug|x64.Build.0 = Debug|Any CPU
		{1502D6FD-49D9-4457-873C-33BD0192D44C}.Debug|x86.ActiveCfg = Debug|Any CPU
		{1502D6FD-49D9-4457-873C-33BD0192D44C}.Debug|x86.Build.0 = Debug|Any CPU
		{1502D6FD-49D9-4457-873C-33BD0192D44C}.Release|Any CPU.ActiveCfg = Release|Any CPU
		{1502D6FD-49D9-4457-873C-33BD0192D44C}.Release|Any CPU.Build.0 = Release|Any CPU
		{1502D6FD-49D9-4457-873C-33BD0192D44C}.Release|x64.ActiveCfg = Release|Any CPU
		{1502D6FD-49D9-4457-873C-33BD0192D44C}.Release|x64.Build.0 = Release|Any CPU
		{1502D6FD-49D9-4457-873C-33BD0192D44C}.Release|x86.ActiveCfg = Release|Any CPU
		{1502D6FD-49D9-4457-873C-33BD0192D44C}.Release|x86.Build.0 = Release|Any CPU
		{66A2026F-1173-47E1-907F-F95CF31937C3}.Debug|Any CPU.ActiveCfg = Debug|Any CPU
		{66A2026F-1173-47E1-907F-F95CF31937C3}.Debug|Any CPU.Build.0 = Debug|Any CPU
		{66A2026F-1173-47E1-907F-F95CF31937C3}.Debug|x64.ActiveCfg = Debug|Any CPU
		{66A2026F-1173-47E1-907F-F95CF31937C3}.Debug|x64.Build.0 = Debug|Any CPU
		{66A2026F-1173-47E1-907F-F95CF31937C3}.Debug|x86.ActiveCfg = Debug|Any CPU
		{66A2026F-1173-47E1-907F-F95CF31937C3}.Debug|x86.Build.0 = Debug|Any CPU
		{66A2026F-1173-47E1-907F-F95CF31937C3}.Release|Any CPU.ActiveCfg = Release|Any CPU
		{66A2026F-1173-47E1-907F-F95CF31937C3}.Release|Any CPU.Build.0 = Release|Any CPU
		{66A2026F-1173-47E1-907F-F95CF31937C3}.Release|x64.ActiveCfg = Release|Any CPU
		{66A2026F-1173-47E1-907F-F95CF31937C3}.Release|x64.Build.0 = Release|Any CPU
		{66A2026F-1173-47E1-907F-F95CF31937C3}.Release|x86.ActiveCfg = Release|Any CPU
		{66A2026F-1173-47E1-907F-F95CF31937C3}.Release|x86.Build.0 = Release|Any CPU
		{E6C169E5-2E13-4A5A-B770-1A37D87D38FB}.Debug|Any CPU.ActiveCfg = Debug|Any CPU
		{E6C169E5-2E13-4A5A-B770-1A37D87D38FB}.Debug|Any CPU.Build.0 = Debug|Any CPU
		{E6C169E5-2E13-4A5A-B770-1A37D87D38FB}.Debug|x64.ActiveCfg = Debug|Any CPU
		{E6C169E5-2E13-4A5A-B770-1A37D87D38FB}.Debug|x64.Build.0 = Debug|Any CPU
		{E6C169E5-2E13-4A5A-B770-1A37D87D38FB}.Debug|x86.ActiveCfg = Debug|Any CPU
		{E6C169E5-2E13-4A5A-B770-1A37D87D38FB}.Debug|x86.Build.0 = Debug|Any CPU
		{E6C169E5-2E13-4A5A-B770-1A37D87D38FB}.Release|Any CPU.ActiveCfg = Release|Any CPU
		{E6C169E5-2E13-4A5A-B770-1A37D87D38FB}.Release|Any CPU.Build.0 = Release|Any CPU
		{E6C169E5-2E13-4A5A-B770-1A37D87D38FB}.Release|x64.ActiveCfg = Release|Any CPU
		{E6C169E5-2E13-4A5A-B770-1A37D87D38FB}.Release|x64.Build.0 = Release|Any CPU
		{E6C169E5-2E13-4A5A-B770-1A37D87D38FB}.Release|x86.ActiveCfg = Release|Any CPU
		{E6C169E5-2E13-4A5A-B770-1A37D87D38FB}.Release|x86.Build.0 = Release|Any CPU
		{2242A974-F228-492B-AF3F-8F9993316972}.Debug|Any CPU.ActiveCfg = Debug|Any CPU
		{2242A974-F228-492B-AF3F-8F9993316972}.Debug|Any CPU.Build.0 = Debug|Any CPU
		{2242A974-F228-492B-AF3F-8F9993316972}.Debug|x64.ActiveCfg = Debug|Any CPU
		{2242A974-F228-492B-AF3F-8F9993316972}.Debug|x64.Build.0 = Debug|Any CPU
		{2242A974-F228-492B-AF3F-8F9993316972}.Debug|x86.ActiveCfg = Debug|Any CPU
		{2242A974-F228-492B-AF3F-8F9993316972}.Debug|x86.Build.0 = Debug|Any CPU
		{2242A974-F228-492B-AF3F-8F9993316972}.Release|Any CPU.ActiveCfg = Release|Any CPU
		{2242A974-F228-492B-AF3F-8F9993316972}.Release|Any CPU.Build.0 = Release|Any CPU
		{2242A974-F228-492B-AF3F-8F9993316972}.Release|x64.ActiveCfg = Release|Any CPU
		{2242A974-F228-492B-AF3F-8F9993316972}.Release|x64.Build.0 = Release|Any CPU
		{2242A974-F228-492B-AF3F-8F9993316972}.Release|x86.ActiveCfg = Release|Any CPU
		{2242A974-F228-492B-AF3F-8F9993316972}.Release|x86.Build.0 = Release|Any CPU
		{7B4DC23A-E1DA-4198-A4D7-96BE9A49A3F1}.Debug|Any CPU.ActiveCfg = Debug|Any CPU
		{7B4DC23A-E1DA-4198-A4D7-96BE9A49A3F1}.Debug|Any CPU.Build.0 = Debug|Any CPU
		{7B4DC23A-E1DA-4198-A4D7-96BE9A49A3F1}.Debug|x64.ActiveCfg = Debug|Any CPU
		{7B4DC23A-E1DA-4198-A4D7-96BE9A49A3F1}.Debug|x64.Build.0 = Debug|Any CPU
		{7B4DC23A-E1DA-4198-A4D7-96BE9A49A3F1}.Debug|x86.ActiveCfg = Debug|Any CPU
		{7B4DC23A-E1DA-4198-A4D7-96BE9A49A3F1}.Debug|x86.Build.0 = Debug|Any CPU
		{7B4DC23A-E1DA-4198-A4D7-96BE9A49A3F1}.Release|Any CPU.ActiveCfg = Release|Any CPU
		{7B4DC23A-E1DA-4198-A4D7-96BE9A49A3F1}.Release|Any CPU.Build.0 = Release|Any CPU
		{7B4DC23A-E1DA-4198-A4D7-96BE9A49A3F1}.Release|x64.ActiveCfg = Release|Any CPU
		{7B4DC23A-E1DA-4198-A4D7-96BE9A49A3F1}.Release|x64.Build.0 = Release|Any CPU
		{7B4DC23A-E1DA-4198-A4D7-96BE9A49A3F1}.Release|x86.ActiveCfg = Release|Any CPU
		{7B4DC23A-E1DA-4198-A4D7-96BE9A49A3F1}.Release|x86.Build.0 = Release|Any CPU
		{F3C40DB2-565A-4AB3-8A52-86B00CA19730}.Debug|Any CPU.ActiveCfg = Debug|Any CPU
		{F3C40DB2-565A-4AB3-8A52-86B00CA19730}.Debug|Any CPU.Build.0 = Debug|Any CPU
		{F3C40DB2-565A-4AB3-8A52-86B00CA19730}.Debug|x64.ActiveCfg = Debug|Any CPU
		{F3C40DB2-565A-4AB3-8A52-86B00CA19730}.Debug|x64.Build.0 = Debug|Any CPU
		{F3C40DB2-565A-4AB3-8A52-86B00CA19730}.Debug|x86.ActiveCfg = Debug|Any CPU
		{F3C40DB2-565A-4AB3-8A52-86B00CA19730}.Debug|x86.Build.0 = Debug|Any CPU
		{F3C40DB2-565A-4AB3-8A52-86B00CA19730}.Release|Any CPU.ActiveCfg = Release|Any CPU
		{F3C40DB2-565A-4AB3-8A52-86B00CA19730}.Release|Any CPU.Build.0 = Release|Any CPU
		{F3C40DB2-565A-4AB3-8A52-86B00CA19730}.Release|x64.ActiveCfg = Release|Any CPU
		{F3C40DB2-565A-4AB3-8A52-86B00CA19730}.Release|x64.Build.0 = Release|Any CPU
		{F3C40DB2-565A-4AB3-8A52-86B00CA19730}.Release|x86.ActiveCfg = Release|Any CPU
		{F3C40DB2-565A-4AB3-8A52-86B00CA19730}.Release|x86.Build.0 = Release|Any CPU
		{FB0A05AD-10EE-4782-B11E-D833C1ABE903}.Debug|Any CPU.ActiveCfg = Debug|Any CPU
		{FB0A05AD-10EE-4782-B11E-D833C1ABE903}.Debug|Any CPU.Build.0 = Debug|Any CPU
		{FB0A05AD-10EE-4782-B11E-D833C1ABE903}.Debug|x64.ActiveCfg = Debug|Any CPU
		{FB0A05AD-10EE-4782-B11E-D833C1ABE903}.Debug|x64.Build.0 = Debug|Any CPU
		{FB0A05AD-10EE-4782-B11E-D833C1ABE903}.Debug|x86.ActiveCfg = Debug|Any CPU
		{FB0A05AD-10EE-4782-B11E-D833C1ABE903}.Debug|x86.Build.0 = Debug|Any CPU
		{FB0A05AD-10EE-4782-B11E-D833C1ABE903}.Release|Any CPU.ActiveCfg = Release|Any CPU
		{FB0A05AD-10EE-4782-B11E-D833C1ABE903}.Release|Any CPU.Build.0 = Release|Any CPU
		{FB0A05AD-10EE-4782-B11E-D833C1ABE903}.Release|x64.ActiveCfg = Release|Any CPU
		{FB0A05AD-10EE-4782-B11E-D833C1ABE903}.Release|x64.Build.0 = Release|Any CPU
		{FB0A05AD-10EE-4782-B11E-D833C1ABE903}.Release|x86.ActiveCfg = Release|Any CPU
		{FB0A05AD-10EE-4782-B11E-D833C1ABE903}.Release|x86.Build.0 = Release|Any CPU
		{8797717E-E751-4758-A672-26FF3ED70148}.Debug|Any CPU.ActiveCfg = Debug|Any CPU
		{8797717E-E751-4758-A672-26FF3ED70148}.Debug|Any CPU.Build.0 = Debug|Any CPU
		{8797717E-E751-4758-A672-26FF3ED70148}.Debug|x64.ActiveCfg = Debug|Any CPU
		{8797717E-E751-4758-A672-26FF3ED70148}.Debug|x64.Build.0 = Debug|Any CPU
		{8797717E-E751-4758-A672-26FF3ED70148}.Debug|x86.ActiveCfg = Debug|Any CPU
		{8797717E-E751-4758-A672-26FF3ED70148}.Debug|x86.Build.0 = Debug|Any CPU
		{8797717E-E751-4758-A672-26FF3ED70148}.Release|Any CPU.ActiveCfg = Release|Any CPU
		{8797717E-E751-4758-A672-26FF3ED70148}.Release|Any CPU.Build.0 = Release|Any CPU
		{8797717E-E751-4758-A672-26FF3ED70148}.Release|x64.ActiveCfg = Release|Any CPU
		{8797717E-E751-4758-A672-26FF3ED70148}.Release|x64.Build.0 = Release|Any CPU
		{8797717E-E751-4758-A672-26FF3ED70148}.Release|x86.ActiveCfg = Release|Any CPU
		{8797717E-E751-4758-A672-26FF3ED70148}.Release|x86.Build.0 = Release|Any CPU
		{AF854B21-E9AC-4DB4-BE49-102ED5497B43}.Debug|Any CPU.ActiveCfg = Debug|Any CPU
		{AF854B21-E9AC-4DB4-BE49-102ED5497B43}.Debug|Any CPU.Build.0 = Debug|Any CPU
		{AF854B21-E9AC-4DB4-BE49-102ED5497B43}.Debug|x64.ActiveCfg = Debug|Any CPU
		{AF854B21-E9AC-4DB4-BE49-102ED5497B43}.Debug|x64.Build.0 = Debug|Any CPU
		{AF854B21-E9AC-4DB4-BE49-102ED5497B43}.Debug|x86.ActiveCfg = Debug|Any CPU
		{AF854B21-E9AC-4DB4-BE49-102ED5497B43}.Debug|x86.Build.0 = Debug|Any CPU
		{AF854B21-E9AC-4DB4-BE49-102ED5497B43}.Release|Any CPU.ActiveCfg = Release|Any CPU
		{AF854B21-E9AC-4DB4-BE49-102ED5497B43}.Release|Any CPU.Build.0 = Release|Any CPU
		{AF854B21-E9AC-4DB4-BE49-102ED5497B43}.Release|x64.ActiveCfg = Release|Any CPU
		{AF854B21-E9AC-4DB4-BE49-102ED5497B43}.Release|x64.Build.0 = Release|Any CPU
		{AF854B21-E9AC-4DB4-BE49-102ED5497B43}.Release|x86.ActiveCfg = Release|Any CPU
		{AF854B21-E9AC-4DB4-BE49-102ED5497B43}.Release|x86.Build.0 = Release|Any CPU
	EndGlobalSection
	GlobalSection(SolutionProperties) = preSolution
		HideSolutionNode = FALSE
	EndGlobalSection
	GlobalSection(NestedProjects) = preSolution
		{1502D6FD-49D9-4457-873C-33BD0192D44C} = {02EA681E-C7D8-13C7-8484-4AC65E1B71E8}
		{66A2026F-1173-47E1-907F-F95CF31937C3} = {942969CE-5626-4E20-ACAC-C6950D295346}
		{E6C169E5-2E13-4A5A-B770-1A37D87D38FB} = {02EA681E-C7D8-13C7-8484-4AC65E1B71E8}
		{2242A974-F228-492B-AF3F-8F9993316972} = {942969CE-5626-4E20-ACAC-C6950D295346}
		{7B4DC23A-E1DA-4198-A4D7-96BE9A49A3F1} = {02EA681E-C7D8-13C7-8484-4AC65E1B71E8}
		{F3C40DB2-565A-4AB3-8A52-86B00CA19730} = {942969CE-5626-4E20-ACAC-C6950D295346}
		{FB0A05AD-10EE-4782-B11E-D833C1ABE903} = {02EA681E-C7D8-13C7-8484-4AC65E1B71E8}
		{8797717E-E751-4758-A672-26FF3ED70148} = {942969CE-5626-4E20-ACAC-C6950D295346}
		{AF854B21-E9AC-4DB4-BE49-102ED5497B43} = {02EA681E-C7D8-13C7-8484-4AC65E1B71E8}
	EndGlobalSection
	GlobalSection(ExtensibilityGlobals) = postSolution
		SolutionGuid = {D963A934-F8A2-48BF-BA2F-D1EC593ED929}
	EndGlobalSection
EndGlobal
